Microsoft Visual Studio Solution File, Format Version 10.00
# Visual Studio 2008
Project("{8BC9CEB8-8B4A-11D0-8D11-00A0C91BC942}") = "netcdf", "libsrc\netcdf.vcproj", "{1544CEA3-1365-4482-A719-FF5C14BBAE29}"
EndProject
Project("{8BC9CEB8-8B4A-11D0-8D11-00A0C91BC942}") = "nctest", "nctest\nctest.vcproj", "{16F8E55F-8CFB-412F-80F0-DEBDEAE068A4}"
	ProjectSection(ProjectDependencies) = postProject
		{DA7A6115-385C-44AC-B436-E94E95DDCEAC} = {DA7A6115-385C-44AC-B436-E94E95DDCEAC}
		{81623E8F-4575-429E-9EA1-BFFAC1E253F7} = {81623E8F-4575-429E-9EA1-BFFAC1E253F7}
		{1544CEA3-1365-4482-A719-FF5C14BBAE29} = {1544CEA3-1365-4482-A719-FF5C14BBAE29}
		{849B73F3-0E32-49AA-993E-01AB112F5BF2} = {849B73F3-0E32-49AA-993E-01AB112F5BF2}
	EndProjectSection
EndProject
Project("{8BC9CEB8-8B4A-11D0-8D11-00A0C91BC942}") = "nc_test", "nc_test\nc_test.vcproj", "{849B73F3-0E32-49AA-993E-01AB112F5BF2}"
	ProjectSection(ProjectDependencies) = postProject
		{DA7A6115-385C-44AC-B436-E94E95DDCEAC} = {DA7A6115-385C-44AC-B436-E94E95DDCEAC}
		{81623E8F-4575-429E-9EA1-BFFAC1E253F7} = {81623E8F-4575-429E-9EA1-BFFAC1E253F7}
		{1544CEA3-1365-4482-A719-FF5C14BBAE29} = {1544CEA3-1365-4482-A719-FF5C14BBAE29}
	EndProjectSection
EndProject
Project("{8BC9CEB8-8B4A-11D0-8D11-00A0C91BC942}") = "ncdump", "ncdump\ncdump.vcproj", "{DA7A6115-385C-44AC-B436-E94E95DDCEAC}"
	ProjectSection(ProjectDependencies) = postProject
		{1544CEA3-1365-4482-A719-FF5C14BBAE29} = {1544CEA3-1365-4482-A719-FF5C14BBAE29}
	EndProjectSection
EndProject
Project("{8BC9CEB8-8B4A-11D0-8D11-00A0C91BC942}") = "ncgen", "ncgen\ncgen.vcproj", "{81623E8F-4575-429E-9EA1-BFFAC1E253F7}"
	ProjectSection(ProjectDependencies) = postProject
		{DA7A6115-385C-44AC-B436-E94E95DDCEAC} = {DA7A6115-385C-44AC-B436-E94E95DDCEAC}
		{1544CEA3-1365-4482-A719-FF5C14BBAE29} = {1544CEA3-1365-4482-A719-FF5C14BBAE29}
	EndProjectSection
EndProject
Project("{8BC9CEB8-8B4A-11D0-8D11-00A0C91BC942}") = "tst_netcdf", "examples\tst_netcdf.vcproj", "{E1F00190-5DE7-4333-9AB9-E4EBB9EB6139}"
	ProjectSection(ProjectDependencies) = postProject
		{797D6E0A-0320-41DE-A092-BD562CB88176} = {797D6E0A-0320-41DE-A092-BD562CB88176}
		{DA7A6115-385C-44AC-B436-E94E95DDCEAC} = {DA7A6115-385C-44AC-B436-E94E95DDCEAC}
		{16F8E55F-8CFB-412F-80F0-DEBDEAE068A4} = {16F8E55F-8CFB-412F-80F0-DEBDEAE068A4}
		{81623E8F-4575-429E-9EA1-BFFAC1E253F7} = {81623E8F-4575-429E-9EA1-BFFAC1E253F7}
		{1544CEA3-1365-4482-A719-FF5C14BBAE29} = {1544CEA3-1365-4482-A719-FF5C14BBAE29}
		{849B73F3-0E32-49AA-993E-01AB112F5BF2} = {849B73F3-0E32-49AA-993E-01AB112F5BF2}
		{9CF427FE-618D-4E27-9610-937A7E0A7524} = {9CF427FE-618D-4E27-9610-937A7E0A7524}
	EndProjectSection
EndProject
Project("{8BC9CEB8-8B4A-11D0-8D11-00A0C91BC942}") = "large_files", "nc_test\large_files.vcproj", "{9CF427FE-618D-4E27-9610-937A7E0A7524}"
	ProjectSection(ProjectDependencies) = postProject
		{797D6E0A-0320-41DE-A092-BD562CB88176} = {797D6E0A-0320-41DE-A092-BD562CB88176}
		{DA7A6115-385C-44AC-B436-E94E95DDCEAC} = {DA7A6115-385C-44AC-B436-E94E95DDCEAC}
		{16F8E55F-8CFB-412F-80F0-DEBDEAE068A4} = {16F8E55F-8CFB-412F-80F0-DEBDEAE068A4}
		{81623E8F-4575-429E-9EA1-BFFAC1E253F7} = {81623E8F-4575-429E-9EA1-BFFAC1E253F7}
		{1544CEA3-1365-4482-A719-FF5C14BBAE29} = {1544CEA3-1365-4482-A719-FF5C14BBAE29}
		{849B73F3-0E32-49AA-993E-01AB112F5BF2} = {849B73F3-0E32-49AA-993E-01AB112F5BF2}
	EndProjectSection
EndProject
Project("{8BC9CEB8-8B4A-11D0-8D11-00A0C91BC942}") = "quick_large_files", "nc_test\quick_large_files.vcproj", "{797D6E0A-0320-41DE-A092-BD562CB88176}"
	ProjectSection(ProjectDependencies) = postProject
		{DA7A6115-385C-44AC-B436-E94E95DDCEAC} = {DA7A6115-385C-44AC-B436-E94E95DDCEAC}
		{16F8E55F-8CFB-412F-80F0-DEBDEAE068A4} = {16F8E55F-8CFB-412F-80F0-DEBDEAE068A4}
		{81623E8F-4575-429E-9EA1-BFFAC1E253F7} = {81623E8F-4575-429E-9EA1-BFFAC1E253F7}
		{1544CEA3-1365-4482-A719-FF5C14BBAE29} = {1544CEA3-1365-4482-A719-FF5C14BBAE29}
		{849B73F3-0E32-49AA-993E-01AB112F5BF2} = {849B73F3-0E32-49AA-993E-01AB112F5BF2}
	EndProjectSection
EndProject
Project("{6989167D-11E4-40FE-8C1A-2192A86A7E90}") = "netcdf_f90", "netcdf_f90\netcdf_f90.vfproj", "{6160DCA6-BDE4-49C9-96FC-DA24E677C608}"
EndProject
Project("{6989167D-11E4-40FE-8C1A-2192A86A7E90}") = "f90tst_vars", "f90tst_vars\f90tst_vars.vfproj", "{C1B06773-C27B-419E-B003-625FD029DA5D}"
EndProject
Project("{6989167D-11E4-40FE-8C1A-2192A86A7E90}") = "ftst_vars", "ftst_vars\ftst_vars.vfproj", "{704F76F7-E237-439E-B359-ECB31C5065B7}"
	ProjectSection(ProjectDependencies) = postProject
		{1544CEA3-1365-4482-A719-FF5C14BBAE29} = {1544CEA3-1365-4482-A719-FF5C14BBAE29}
		{6160DCA6-BDE4-49C9-96FC-DA24E677C608} = {6160DCA6-BDE4-49C9-96FC-DA24E677C608}
		{C40D64BF-23CE-472B-AE64-09F103FCD833} = {C40D64BF-23CE-472B-AE64-09F103FCD833}
	EndProjectSection
EndProject
Project("{8BC9CEB8-8B4A-11D0-8D11-00A0C91BC942}") = "nf_test_lib", "nf_test_lib\nf_test_lib.vcproj", "{C40D64BF-23CE-472B-AE64-09F103FCD833}"
EndProject
Project("{6989167D-11E4-40FE-8C1A-2192A86A7E90}") = "ftst_vars2", "ftst_vars2\ftst_vars2.vfproj", "{4CB293A6-5395-433D-B1C4-B5632B0644E3}"
	ProjectSection(ProjectDependencies) = postProject
		{1544CEA3-1365-4482-A719-FF5C14BBAE29} = {1544CEA3-1365-4482-A719-FF5C14BBAE29}
		{6160DCA6-BDE4-49C9-96FC-DA24E677C608} = {6160DCA6-BDE4-49C9-96FC-DA24E677C608}
		{C40D64BF-23CE-472B-AE64-09F103FCD833} = {C40D64BF-23CE-472B-AE64-09F103FCD833}
	EndProjectSection
EndProject
Project("{6989167D-11E4-40FE-8C1A-2192A86A7E90}") = "ftst_vars3", "ftst_vars3\ftst_vars3.vfproj", "{870A815F-D262-48B2-B706-6302CC4EC2BF}"
	ProjectSection(ProjectDependencies) = postProject
		{1544CEA3-1365-4482-A719-FF5C14BBAE29} = {1544CEA3-1365-4482-A719-FF5C14BBAE29}
		{6160DCA6-BDE4-49C9-96FC-DA24E677C608} = {6160DCA6-BDE4-49C9-96FC-DA24E677C608}
		{C40D64BF-23CE-472B-AE64-09F103FCD833} = {C40D64BF-23CE-472B-AE64-09F103FCD833}
	EndProjectSection
EndProject
Project("{6989167D-11E4-40FE-8C1A-2192A86A7E90}") = "ftst_vars4", "ftst_vars4\ftst_vars4.vfproj", "{E8A68BC0-DBE2-4060-A0E9-5748B6B2E5D9}"
	ProjectSection(ProjectDependencies) = postProject
		{1544CEA3-1365-4482-A719-FF5C14BBAE29} = {1544CEA3-1365-4482-A719-FF5C14BBAE29}
		{6160DCA6-BDE4-49C9-96FC-DA24E677C608} = {6160DCA6-BDE4-49C9-96FC-DA24E677C608}
		{C40D64BF-23CE-472B-AE64-09F103FCD833} = {C40D64BF-23CE-472B-AE64-09F103FCD833}
	EndProjectSection
EndProject
Project("{6989167D-11E4-40FE-8C1A-2192A86A7E90}") = "ftst_vars5", "ftst_vars5\ftst_vars5.vfproj", "{F640095E-2097-45CC-85D6-31DF85FAF0F2}"
	ProjectSection(ProjectDependencies) = postProject
		{1544CEA3-1365-4482-A719-FF5C14BBAE29} = {1544CEA3-1365-4482-A719-FF5C14BBAE29}
		{6160DCA6-BDE4-49C9-96FC-DA24E677C608} = {6160DCA6-BDE4-49C9-96FC-DA24E677C608}
		{C40D64BF-23CE-472B-AE64-09F103FCD833} = {C40D64BF-23CE-472B-AE64-09F103FCD833}
	EndProjectSection
EndProject
Project("{6989167D-11E4-40FE-8C1A-2192A86A7E90}") = "ftst_vars6", "ftst_vars6\ftst_vars6.vfproj", "{F92193AA-9050-4338-9BAE-D35A84381886}"
	ProjectSection(ProjectDependencies) = postProject
		{1544CEA3-1365-4482-A719-FF5C14BBAE29} = {1544CEA3-1365-4482-A719-FF5C14BBAE29}
		{6160DCA6-BDE4-49C9-96FC-DA24E677C608} = {6160DCA6-BDE4-49C9-96FC-DA24E677C608}
		{C40D64BF-23CE-472B-AE64-09F103FCD833} = {C40D64BF-23CE-472B-AE64-09F103FCD833}
	EndProjectSection
EndProject
Project("{6989167D-11E4-40FE-8C1A-2192A86A7E90}") = "ftst", "ftst\ftst.vfproj", "{9B3256CB-7467-4B04-AEAA-D43EFBCE7D2F}"
EndProject
Project("{6989167D-11E4-40FE-8C1A-2192A86A7E90}") = "ftst_groups", "ftst_groups\ftst_groups.vfproj", "{7BF2A315-D2AF-47D4-8940-297671DAB6BA}"
EndProject
Project("{6989167D-11E4-40FE-8C1A-2192A86A7E90}") = "nf_test", "nf_test\nf_test.vfproj", "{D96E8AD8-7363-4203-9211-B639F59B8CA3}"
	ProjectSection(ProjectDependencies) = postProject
		{797D6E0A-0320-41DE-A092-BD562CB88176} = {797D6E0A-0320-41DE-A092-BD562CB88176}
		{1D96FB0A-D318-4B6A-8A9D-DCBB34A16983} = {1D96FB0A-D318-4B6A-8A9D-DCBB34A16983}
		{8D1D9211-7FA7-414D-A2E3-92AEDEB8BD69} = {8D1D9211-7FA7-414D-A2E3-92AEDEB8BD69}
		{20CE8715-3365-499E-841E-1BF18EE1C091} = {20CE8715-3365-499E-841E-1BF18EE1C091}
		{7BF2A315-D2AF-47D4-8940-297671DAB6BA} = {7BF2A315-D2AF-47D4-8940-297671DAB6BA}
		{9A463030-6456-4434-9AF0-4EF8DBE6711E} = {9A463030-6456-4434-9AF0-4EF8DBE6711E}
		{0333CC36-C0BF-4BFC-A1ED-303D181C5D77} = {0333CC36-C0BF-4BFC-A1ED-303D181C5D77}
		{3990BB51-0F92-4646-A65E-381C52073EE9} = {3990BB51-0F92-4646-A65E-381C52073EE9}
		{F640095E-2097-45CC-85D6-31DF85FAF0F2} = {F640095E-2097-45CC-85D6-31DF85FAF0F2}
		{870A815F-D262-48B2-B706-6302CC4EC2BF} = {870A815F-D262-48B2-B706-6302CC4EC2BF}
		{0D4A0C68-7F4A-4966-A75B-E4D789A471B4} = {0D4A0C68-7F4A-4966-A75B-E4D789A471B4}
		{C1B06773-C27B-419E-B003-625FD029DA5D} = {C1B06773-C27B-419E-B003-625FD029DA5D}
		{4CB293A6-5395-433D-B1C4-B5632B0644E3} = {4CB293A6-5395-433D-B1C4-B5632B0644E3}
		{1726F6A6-A15C-4696-B5CF-7C3E8F1DE14C} = {1726F6A6-A15C-4696-B5CF-7C3E8F1DE14C}
		{1955FCA7-1608-426C-984D-CB4510110471} = {1955FCA7-1608-426C-984D-CB4510110471}
		{F92193AA-9050-4338-9BAE-D35A84381886} = {F92193AA-9050-4338-9BAE-D35A84381886}
		{D0C5C2AE-AC18-40AF-BCFD-A68177D2297A} = {D0C5C2AE-AC18-40AF-BCFD-A68177D2297A}
		{E8A68BC0-DBE2-4060-A0E9-5748B6B2E5D9} = {E8A68BC0-DBE2-4060-A0E9-5748B6B2E5D9}
		{F8C151CA-7FF6-489A-A1D3-0CC007D8D012} = {F8C151CA-7FF6-489A-A1D3-0CC007D8D012}
		{9B3256CB-7467-4B04-AEAA-D43EFBCE7D2F} = {9B3256CB-7467-4B04-AEAA-D43EFBCE7D2F}
		{81C7CFD8-DE35-4BCF-A575-145902ECF3EE} = {81C7CFD8-DE35-4BCF-A575-145902ECF3EE}
		{5F893FDE-BF32-4F60-A8AD-77828EABC3A2} = {5F893FDE-BF32-4F60-A8AD-77828EABC3A2}
		{420A32E0-AD72-42F7-9756-963A36368690} = {420A32E0-AD72-42F7-9756-963A36368690}
		{3FDDE0E3-1606-4CFB-A66E-721FCCFE4499} = {3FDDE0E3-1606-4CFB-A66E-721FCCFE4499}
		{7D6A86EA-8B14-47E6-9BC5-3E0B8174AE83} = {7D6A86EA-8B14-47E6-9BC5-3E0B8174AE83}
		{704F76F7-E237-439E-B359-ECB31C5065B7} = {704F76F7-E237-439E-B359-ECB31C5065B7}
		{81DE0AFF-40F9-42C3-8CB5-90AE52307C0C} = {81DE0AFF-40F9-42C3-8CB5-90AE52307C0C}
	EndProjectSection
EndProject
Project("{6989167D-11E4-40FE-8C1A-2192A86A7E90}") = "ftst_types", "ftst_types\ftst_types.vfproj", "{7D6A86EA-8B14-47E6-9BC5-3E0B8174AE83}"
EndProject
Project("{6989167D-11E4-40FE-8C1A-2192A86A7E90}") = "ftst_types2", "ftst_types2\ftst_types2.vfproj", "{1955FCA7-1608-426C-984D-CB4510110471}"
EndProject
Project("{6989167D-11E4-40FE-8C1A-2192A86A7E90}") = "ftst_types3", "ftst_types3\ftst_types3.vfproj", "{3FDDE0E3-1606-4CFB-A66E-721FCCFE4499}"
EndProject
Project("{6989167D-11E4-40FE-8C1A-2192A86A7E90}") = "ftst_v2", "ftst_v2\ftst_v2.vfproj", "{F8C151CA-7FF6-489A-A1D3-0CC007D8D012}"
EndProject
Project("{6989167D-11E4-40FE-8C1A-2192A86A7E90}") = "tst_f77_v2", "tst_f77_v2\tst_f77_v2.vfproj", "{3990BB51-0F92-4646-A65E-381C52073EE9}"
EndProject
Project("{6989167D-11E4-40FE-8C1A-2192A86A7E90}") = "f90tst_vars2", "f90tst_vars2\f90tst_vars2.vfproj", "{8D1D9211-7FA7-414D-A2E3-92AEDEB8BD69}"
EndProject
Project("{6989167D-11E4-40FE-8C1A-2192A86A7E90}") = "f90tst_vars3", "f90tst_vars3\f90tst_vars3.vfproj", "{0333CC36-C0BF-4BFC-A1ED-303D181C5D77}"
EndProject
Project("{6989167D-11E4-40FE-8C1A-2192A86A7E90}") = "f90tst_vars_vlen", "f90tst_vars_vlen\f90tst_vars_vlen.vfproj", "{1D96FB0A-D318-4B6A-8A9D-DCBB34A16983}"
EndProject
Project("{6989167D-11E4-40FE-8C1A-2192A86A7E90}") = "f90tst_groups", "f90tst_groups\f90tst_groups.vfproj", "{420A32E0-AD72-42F7-9756-963A36368690}"
EndProject
Project("{6989167D-11E4-40FE-8C1A-2192A86A7E90}") = "f90tst_fill", "f90tst_fill\f90tst_fill.vfproj", "{9A463030-6456-4434-9AF0-4EF8DBE6711E}"
EndProject
Project("{6989167D-11E4-40FE-8C1A-2192A86A7E90}") = "f90tst_fill2", "f90tst_fill2\f90tst_fill2.vfproj", "{0D4A0C68-7F4A-4966-A75B-E4D789A471B4}"
EndProject
Project("{6989167D-11E4-40FE-8C1A-2192A86A7E90}") = "f90tst_types", "f90tst_types\f90tst_types.vfproj", "{5F893FDE-BF32-4F60-A8AD-77828EABC3A2}"
EndProject
Project("{6989167D-11E4-40FE-8C1A-2192A86A7E90}") = "f90tst_nc4", "f90tst_nc4\f90tst_nc4.vfproj", "{D0C5C2AE-AC18-40AF-BCFD-A68177D2297A}"
EndProject
Project("{6989167D-11E4-40FE-8C1A-2192A86A7E90}") = "f90tst", "f90tst\f90tst.vfproj", "{81DE0AFF-40F9-42C3-8CB5-90AE52307C0C}"
EndProject
Project("{6989167D-11E4-40FE-8C1A-2192A86A7E90}") = "f90tst_types2", "f90tst_types2\f90tst_types2.vfproj", "{20CE8715-3365-499E-841E-1BF18EE1C091}"
EndProject
Project("{6989167D-11E4-40FE-8C1A-2192A86A7E90}") = "f90tst_io", "f90tst_io\f90tst_io.vfproj", "{1726F6A6-A15C-4696-B5CF-7C3E8F1DE14C}"
EndProject
Project("{6989167D-11E4-40FE-8C1A-2192A86A7E90}") = "f90tst_flarge", "f90tst_flarge\f90tst_flarge.vfproj", "{81C7CFD8-DE35-4BCF-A575-145902ECF3EE}"
EndProject
Global
	GlobalSection(SolutionConfigurationPlatforms) = preSolution
		Debug|Win32 = Debug|Win32
		DiagRel|Win32 = DiagRel|Win32
		Release|Win32 = Release|Win32
	EndGlobalSection
	GlobalSection(ProjectConfigurationPlatforms) = postSolution
		{1544CEA3-1365-4482-A719-FF5C14BBAE29}.Debug|Win32.ActiveCfg = Debug|Win32
		{1544CEA3-1365-4482-A719-FF5C14BBAE29}.Debug|Win32.Build.0 = Debug|Win32
		{1544CEA3-1365-4482-A719-FF5C14BBAE29}.DiagRel|Win32.ActiveCfg = DiagRel|Win32
		{1544CEA3-1365-4482-A719-FF5C14BBAE29}.DiagRel|Win32.Build.0 = DiagRel|Win32
		{1544CEA3-1365-4482-A719-FF5C14BBAE29}.Release|Win32.ActiveCfg = Release|Win32
		{1544CEA3-1365-4482-A719-FF5C14BBAE29}.Release|Win32.Build.0 = Release|Win32
		{16F8E55F-8CFB-412F-80F0-DEBDEAE068A4}.Debug|Win32.ActiveCfg = Debug|Win32
		{16F8E55F-8CFB-412F-80F0-DEBDEAE068A4}.Debug|Win32.Build.0 = Debug|Win32
		{16F8E55F-8CFB-412F-80F0-DEBDEAE068A4}.DiagRel|Win32.ActiveCfg = DiagRel|Win32
		{16F8E55F-8CFB-412F-80F0-DEBDEAE068A4}.DiagRel|Win32.Build.0 = DiagRel|Win32
		{16F8E55F-8CFB-412F-80F0-DEBDEAE068A4}.Release|Win32.ActiveCfg = Release|Win32
		{16F8E55F-8CFB-412F-80F0-DEBDEAE068A4}.Release|Win32.Build.0 = Release|Win32
		{849B73F3-0E32-49AA-993E-01AB112F5BF2}.Debug|Win32.ActiveCfg = Debug|Win32
		{849B73F3-0E32-49AA-993E-01AB112F5BF2}.Debug|Win32.Build.0 = Debug|Win32
		{849B73F3-0E32-49AA-993E-01AB112F5BF2}.DiagRel|Win32.ActiveCfg = DiagRel|Win32
		{849B73F3-0E32-49AA-993E-01AB112F5BF2}.DiagRel|Win32.Build.0 = DiagRel|Win32
		{849B73F3-0E32-49AA-993E-01AB112F5BF2}.Release|Win32.ActiveCfg = Release|Win32
		{849B73F3-0E32-49AA-993E-01AB112F5BF2}.Release|Win32.Build.0 = Release|Win32
		{DA7A6115-385C-44AC-B436-E94E95DDCEAC}.Debug|Win32.ActiveCfg = Debug|Win32
		{DA7A6115-385C-44AC-B436-E94E95DDCEAC}.Debug|Win32.Build.0 = Debug|Win32
		{DA7A6115-385C-44AC-B436-E94E95DDCEAC}.DiagRel|Win32.ActiveCfg = DiagRel|Win32
		{DA7A6115-385C-44AC-B436-E94E95DDCEAC}.DiagRel|Win32.Build.0 = DiagRel|Win32
		{DA7A6115-385C-44AC-B436-E94E95DDCEAC}.Release|Win32.ActiveCfg = Release|Win32
		{DA7A6115-385C-44AC-B436-E94E95DDCEAC}.Release|Win32.Build.0 = Release|Win32
		{81623E8F-4575-429E-9EA1-BFFAC1E253F7}.Debug|Win32.ActiveCfg = Debug|Win32
		{81623E8F-4575-429E-9EA1-BFFAC1E253F7}.Debug|Win32.Build.0 = Debug|Win32
		{81623E8F-4575-429E-9EA1-BFFAC1E253F7}.DiagRel|Win32.ActiveCfg = DiagRel|Win32
		{81623E8F-4575-429E-9EA1-BFFAC1E253F7}.DiagRel|Win32.Build.0 = DiagRel|Win32
		{81623E8F-4575-429E-9EA1-BFFAC1E253F7}.Release|Win32.ActiveCfg = Release|Win32
		{81623E8F-4575-429E-9EA1-BFFAC1E253F7}.Release|Win32.Build.0 = Release|Win32
		{E1F00190-5DE7-4333-9AB9-E4EBB9EB6139}.Debug|Win32.ActiveCfg = Debug|Win32
		{E1F00190-5DE7-4333-9AB9-E4EBB9EB6139}.Debug|Win32.Build.0 = Debug|Win32
		{E1F00190-5DE7-4333-9AB9-E4EBB9EB6139}.DiagRel|Win32.ActiveCfg = DiagRel|Win32
		{E1F00190-5DE7-4333-9AB9-E4EBB9EB6139}.DiagRel|Win32.Build.0 = DiagRel|Win32
		{E1F00190-5DE7-4333-9AB9-E4EBB9EB6139}.Release|Win32.ActiveCfg = Release|Win32
		{E1F00190-5DE7-4333-9AB9-E4EBB9EB6139}.Release|Win32.Build.0 = Release|Win32
		{9CF427FE-618D-4E27-9610-937A7E0A7524}.Debug|Win32.ActiveCfg = Debug|Win32
		{9CF427FE-618D-4E27-9610-937A7E0A7524}.Debug|Win32.Build.0 = Debug|Win32
		{9CF427FE-618D-4E27-9610-937A7E0A7524}.DiagRel|Win32.ActiveCfg = DiagRel|Win32
		{9CF427FE-618D-4E27-9610-937A7E0A7524}.DiagRel|Win32.Build.0 = DiagRel|Win32
		{9CF427FE-618D-4E27-9610-937A7E0A7524}.Release|Win32.ActiveCfg = Release|Win32
		{9CF427FE-618D-4E27-9610-937A7E0A7524}.Release|Win32.Build.0 = Release|Win32
		{797D6E0A-0320-41DE-A092-BD562CB88176}.Debug|Win32.ActiveCfg = Debug|Win32
		{797D6E0A-0320-41DE-A092-BD562CB88176}.Debug|Win32.Build.0 = Debug|Win32
		{797D6E0A-0320-41DE-A092-BD562CB88176}.DiagRel|Win32.ActiveCfg = DiagRel|Win32
		{797D6E0A-0320-41DE-A092-BD562CB88176}.DiagRel|Win32.Build.0 = DiagRel|Win32
		{797D6E0A-0320-41DE-A092-BD562CB88176}.Release|Win32.ActiveCfg = Release|Win32
		{797D6E0A-0320-41DE-A092-BD562CB88176}.Release|Win32.Build.0 = Release|Win32
		{6160DCA6-BDE4-49C9-96FC-DA24E677C608}.Debug|Win32.ActiveCfg = Debug|Win32
		{6160DCA6-BDE4-49C9-96FC-DA24E677C608}.Debug|Win32.Build.0 = Debug|Win32
		{6160DCA6-BDE4-49C9-96FC-DA24E677C608}.DiagRel|Win32.ActiveCfg = DiagRel|Win32
		{6160DCA6-BDE4-49C9-96FC-DA24E677C608}.DiagRel|Win32.Build.0 = DiagRel|Win32
		{6160DCA6-BDE4-49C9-96FC-DA24E677C608}.Release|Win32.ActiveCfg = Release|Win32
		{6160DCA6-BDE4-49C9-96FC-DA24E677C608}.Release|Win32.Build.0 = Release|Win32
		{C1B06773-C27B-419E-B003-625FD029DA5D}.Debug|Win32.ActiveCfg = Debug|Win32
		{C1B06773-C27B-419E-B003-625FD029DA5D}.Debug|Win32.Build.0 = Debug|Win32
		{C1B06773-C27B-419E-B003-625FD029DA5D}.DiagRel|Win32.ActiveCfg = DiagRel|Win32
		{C1B06773-C27B-419E-B003-625FD029DA5D}.DiagRel|Win32.Build.0 = DiagRel|Win32
		{C1B06773-C27B-419E-B003-625FD029DA5D}.Release|Win32.ActiveCfg = Release|Win32
		{C1B06773-C27B-419E-B003-625FD029DA5D}.Release|Win32.Build.0 = Release|Win32
		{704F76F7-E237-439E-B359-ECB31C5065B7}.Debug|Win32.ActiveCfg = Debug|Win32
		{704F76F7-E237-439E-B359-ECB31C5065B7}.Debug|Win32.Build.0 = Debug|Win32
		{704F76F7-E237-439E-B359-ECB31C5065B7}.DiagRel|Win32.ActiveCfg = DiagRel|Win32
		{704F76F7-E237-439E-B359-ECB31C5065B7}.DiagRel|Win32.Build.0 = DiagRel|Win32
		{704F76F7-E237-439E-B359-ECB31C5065B7}.Release|Win32.ActiveCfg = Release|Win32
		{704F76F7-E237-439E-B359-ECB31C5065B7}.Release|Win32.Build.0 = Release|Win32
		{C40D64BF-23CE-472B-AE64-09F103FCD833}.Debug|Win32.ActiveCfg = Debug|Win32
		{C40D64BF-23CE-472B-AE64-09F103FCD833}.Debug|Win32.Build.0 = Debug|Win32
		{C40D64BF-23CE-472B-AE64-09F103FCD833}.DiagRel|Win32.ActiveCfg = DiagRel|Win32
		{C40D64BF-23CE-472B-AE64-09F103FCD833}.DiagRel|Win32.Build.0 = DiagRel|Win32
		{C40D64BF-23CE-472B-AE64-09F103FCD833}.Release|Win32.ActiveCfg = Release|Win32
		{C40D64BF-23CE-472B-AE64-09F103FCD833}.Release|Win32.Build.0 = Release|Win32
		{4CB293A6-5395-433D-B1C4-B5632B0644E3}.Debug|Win32.ActiveCfg = Debug|Win32
		{4CB293A6-5395-433D-B1C4-B5632B0644E3}.Debug|Win32.Build.0 = Debug|Win32
		{4CB293A6-5395-433D-B1C4-B5632B0644E3}.DiagRel|Win32.ActiveCfg = DiagRel|Win32
		{4CB293A6-5395-433D-B1C4-B5632B0644E3}.DiagRel|Win32.Build.0 = DiagRel|Win32
		{4CB293A6-5395-433D-B1C4-B5632B0644E3}.Release|Win32.ActiveCfg = Release|Win32
		{4CB293A6-5395-433D-B1C4-B5632B0644E3}.Release|Win32.Build.0 = Release|Win32
		{870A815F-D262-48B2-B706-6302CC4EC2BF}.Debug|Win32.ActiveCfg = Debug|Win32
		{870A815F-D262-48B2-B706-6302CC4EC2BF}.Debug|Win32.Build.0 = Debug|Win32
		{870A815F-D262-48B2-B706-6302CC4EC2BF}.DiagRel|Win32.ActiveCfg = DiagRel|Win32
		{870A815F-D262-48B2-B706-6302CC4EC2BF}.DiagRel|Win32.Build.0 = DiagRel|Win32
		{870A815F-D262-48B2-B706-6302CC4EC2BF}.Release|Win32.ActiveCfg = Release|Win32
		{870A815F-D262-48B2-B706-6302CC4EC2BF}.Release|Win32.Build.0 = Release|Win32
		{E8A68BC0-DBE2-4060-A0E9-5748B6B2E5D9}.Debug|Win32.ActiveCfg = Debug|Win32
		{E8A68BC0-DBE2-4060-A0E9-5748B6B2E5D9}.Debug|Win32.Build.0 = Debug|Win32
		{E8A68BC0-DBE2-4060-A0E9-5748B6B2E5D9}.DiagRel|Win32.ActiveCfg = DiagRel|Win32
		{E8A68BC0-DBE2-4060-A0E9-5748B6B2E5D9}.DiagRel|Win32.Build.0 = DiagRel|Win32
		{E8A68BC0-DBE2-4060-A0E9-5748B6B2E5D9}.Release|Win32.ActiveCfg = Release|Win32
		{E8A68BC0-DBE2-4060-A0E9-5748B6B2E5D9}.Release|Win32.Build.0 = Release|Win32
		{F640095E-2097-45CC-85D6-31DF85FAF0F2}.Debug|Win32.ActiveCfg = Debug|Win32
		{F640095E-2097-45CC-85D6-31DF85FAF0F2}.Debug|Win32.Build.0 = Debug|Win32
		{F640095E-2097-45CC-85D6-31DF85FAF0F2}.DiagRel|Win32.ActiveCfg = DiagRel|Win32
		{F640095E-2097-45CC-85D6-31DF85FAF0F2}.DiagRel|Win32.Build.0 = DiagRel|Win32
		{F640095E-2097-45CC-85D6-31DF85FAF0F2}.Release|Win32.ActiveCfg = Release|Win32
		{F640095E-2097-45CC-85D6-31DF85FAF0F2}.Release|Win32.Build.0 = Release|Win32
		{F92193AA-9050-4338-9BAE-D35A84381886}.Debug|Win32.ActiveCfg = Debug|Win32
		{F92193AA-9050-4338-9BAE-D35A84381886}.Debug|Win32.Build.0 = Debug|Win32
		{F92193AA-9050-4338-9BAE-D35A84381886}.DiagRel|Win32.ActiveCfg = DiagRel|Win32
		{F92193AA-9050-4338-9BAE-D35A84381886}.DiagRel|Win32.Build.0 = DiagRel|Win32
		{F92193AA-9050-4338-9BAE-D35A84381886}.Release|Win32.ActiveCfg = Release|Win32
		{F92193AA-9050-4338-9BAE-D35A84381886}.Release|Win32.Build.0 = Release|Win32
		{9B3256CB-7467-4B04-AEAA-D43EFBCE7D2F}.Debug|Win32.ActiveCfg = Debug|Win32
		{9B3256CB-7467-4B04-AEAA-D43EFBCE7D2F}.Debug|Win32.Build.0 = Debug|Win32
		{9B3256CB-7467-4B04-AEAA-D43EFBCE7D2F}.DiagRel|Win32.ActiveCfg = DiagRel|Win32
		{9B3256CB-7467-4B04-AEAA-D43EFBCE7D2F}.DiagRel|Win32.Build.0 = DiagRel|Win32
		{9B3256CB-7467-4B04-AEAA-D43EFBCE7D2F}.Release|Win32.ActiveCfg = Release|Win32
		{9B3256CB-7467-4B04-AEAA-D43EFBCE7D2F}.Release|Win32.Build.0 = Release|Win32
		{7BF2A315-D2AF-47D4-8940-297671DAB6BA}.Debug|Win32.ActiveCfg = Debug|Win32
		{7BF2A315-D2AF-47D4-8940-297671DAB6BA}.Debug|Win32.Build.0 = Debug|Win32
		{7BF2A315-D2AF-47D4-8940-297671DAB6BA}.DiagRel|Win32.ActiveCfg = DiagRel|Win32
		{7BF2A315-D2AF-47D4-8940-297671DAB6BA}.DiagRel|Win32.Build.0 = DiagRel|Win32
		{7BF2A315-D2AF-47D4-8940-297671DAB6BA}.Release|Win32.ActiveCfg = Release|Win32
		{7BF2A315-D2AF-47D4-8940-297671DAB6BA}.Release|Win32.Build.0 = Release|Win32
		{D96E8AD8-7363-4203-9211-B639F59B8CA3}.Debug|Win32.ActiveCfg = Debug|Win32
		{D96E8AD8-7363-4203-9211-B639F59B8CA3}.Debug|Win32.Build.0 = Debug|Win32
		{D96E8AD8-7363-4203-9211-B639F59B8CA3}.DiagRel|Win32.ActiveCfg = DiagRel|Win32
		{D96E8AD8-7363-4203-9211-B639F59B8CA3}.DiagRel|Win32.Build.0 = DiagRel|Win32
		{D96E8AD8-7363-4203-9211-B639F59B8CA3}.Release|Win32.ActiveCfg = Release|Win32
		{D96E8AD8-7363-4203-9211-B639F59B8CA3}.Release|Win32.Build.0 = Release|Win32
		{7D6A86EA-8B14-47E6-9BC5-3E0B8174AE83}.Debug|Win32.ActiveCfg = Debug|Win32
		{7D6A86EA-8B14-47E6-9BC5-3E0B8174AE83}.Debug|Win32.Build.0 = Debug|Win32
		{7D6A86EA-8B14-47E6-9BC5-3E0B8174AE83}.DiagRel|Win32.ActiveCfg = DiagRel|Win32
		{7D6A86EA-8B14-47E6-9BC5-3E0B8174AE83}.DiagRel|Win32.Build.0 = DiagRel|Win32
		{7D6A86EA-8B14-47E6-9BC5-3E0B8174AE83}.Release|Win32.ActiveCfg = Release|Win32
		{7D6A86EA-8B14-47E6-9BC5-3E0B8174AE83}.Release|Win32.Build.0 = Release|Win32
		{1955FCA7-1608-426C-984D-CB4510110471}.Debug|Win32.ActiveCfg = Debug|Win32
		{1955FCA7-1608-426C-984D-CB4510110471}.Debug|Win32.Build.0 = Debug|Win32
		{1955FCA7-1608-426C-984D-CB4510110471}.DiagRel|Win32.ActiveCfg = DiagRel|Win32
		{1955FCA7-1608-426C-984D-CB4510110471}.DiagRel|Win32.Build.0 = DiagRel|Win32
		{1955FCA7-1608-426C-984D-CB4510110471}.Release|Win32.ActiveCfg = Release|Win32
		{1955FCA7-1608-426C-984D-CB4510110471}.Release|Win32.Build.0 = Release|Win32
		{3FDDE0E3-1606-4CFB-A66E-721FCCFE4499}.Debug|Win32.ActiveCfg = Debug|Win32
		{3FDDE0E3-1606-4CFB-A66E-721FCCFE4499}.Debug|Win32.Build.0 = Debug|Win32
		{3FDDE0E3-1606-4CFB-A66E-721FCCFE4499}.DiagRel|Win32.ActiveCfg = DiagRel|Win32
		{3FDDE0E3-1606-4CFB-A66E-721FCCFE4499}.DiagRel|Win32.Build.0 = DiagRel|Win32
		{3FDDE0E3-1606-4CFB-A66E-721FCCFE4499}.Release|Win32.ActiveCfg = Release|Win32
		{3FDDE0E3-1606-4CFB-A66E-721FCCFE4499}.Release|Win32.Build.0 = Release|Win32
		{F8C151CA-7FF6-489A-A1D3-0CC007D8D012}.Debug|Win32.ActiveCfg = Debug|Win32
		{F8C151CA-7FF6-489A-A1D3-0CC007D8D012}.Debug|Win32.Build.0 = Debug|Win32
		{F8C151CA-7FF6-489A-A1D3-0CC007D8D012}.DiagRel|Win32.ActiveCfg = DiagRel|Win32
		{F8C151CA-7FF6-489A-A1D3-0CC007D8D012}.DiagRel|Win32.Build.0 = DiagRel|Win32
		{F8C151CA-7FF6-489A-A1D3-0CC007D8D012}.Release|Win32.ActiveCfg = Release|Win32
		{F8C151CA-7FF6-489A-A1D3-0CC007D8D012}.Release|Win32.Build.0 = Release|Win32
		{3990BB51-0F92-4646-A65E-381C52073EE9}.Debug|Win32.ActiveCfg = Debug|Win32
		{3990BB51-0F92-4646-A65E-381C52073EE9}.Debug|Win32.Build.0 = Debug|Win32
		{3990BB51-0F92-4646-A65E-381C52073EE9}.DiagRel|Win32.ActiveCfg = DiagRel|Win32
		{3990BB51-0F92-4646-A65E-381C52073EE9}.DiagRel|Win32.Build.0 = DiagRel|Win32
		{3990BB51-0F92-4646-A65E-381C52073EE9}.Release|Win32.ActiveCfg = Release|Win32
		{3990BB51-0F92-4646-A65E-381C52073EE9}.Release|Win32.Build.0 = Release|Win32
		{8D1D9211-7FA7-414D-A2E3-92AEDEB8BD69}.Debug|Win32.ActiveCfg = Debug|Win32
		{8D1D9211-7FA7-414D-A2E3-92AEDEB8BD69}.Debug|Win32.Build.0 = Debug|Win32
		{8D1D9211-7FA7-414D-A2E3-92AEDEB8BD69}.DiagRel|Win32.ActiveCfg = DiagRel|Win32
		{8D1D9211-7FA7-414D-A2E3-92AEDEB8BD69}.DiagRel|Win32.Build.0 = DiagRel|Win32
		{8D1D9211-7FA7-414D-A2E3-92AEDEB8BD69}.Release|Win32.ActiveCfg = Release|Win32
		{8D1D9211-7FA7-414D-A2E3-92AEDEB8BD69}.Release|Win32.Build.0 = Release|Win32
		{0333CC36-C0BF-4BFC-A1ED-303D181C5D77}.Debug|Win32.ActiveCfg = Debug|Win32
		{0333CC36-C0BF-4BFC-A1ED-303D181C5D77}.Debug|Win32.Build.0 = Debug|Win32
		{0333CC36-C0BF-4BFC-A1ED-303D181C5D77}.DiagRel|Win32.ActiveCfg = DiagRel|Win32
		{0333CC36-C0BF-4BFC-A1ED-303D181C5D77}.DiagRel|Win32.Build.0 = DiagRel|Win32
		{0333CC36-C0BF-4BFC-A1ED-303D181C5D77}.Release|Win32.ActiveCfg = Release|Win32
		{0333CC36-C0BF-4BFC-A1ED-303D181C5D77}.Release|Win32.Build.0 = Release|Win32
		{1D96FB0A-D318-4B6A-8A9D-DCBB34A16983}.Debug|Win32.ActiveCfg = Debug|Win32
		{1D96FB0A-D318-4B6A-8A9D-DCBB34A16983}.Debug|Win32.Build.0 = Debug|Win32
		{1D96FB0A-D318-4B6A-8A9D-DCBB34A16983}.DiagRel|Win32.ActiveCfg = DiagRel|Win32
		{1D96FB0A-D318-4B6A-8A9D-DCBB34A16983}.DiagRel|Win32.Build.0 = DiagRel|Win32
		{1D96FB0A-D318-4B6A-8A9D-DCBB34A16983}.Release|Win32.ActiveCfg = Release|Win32
		{1D96FB0A-D318-4B6A-8A9D-DCBB34A16983}.Release|Win32.Build.0 = Release|Win32
		{420A32E0-AD72-42F7-9756-963A36368690}.Debug|Win32.ActiveCfg = Debug|Win32
		{420A32E0-AD72-42F7-9756-963A36368690}.Debug|Win32.Build.0 = Debug|Win32
		{420A32E0-AD72-42F7-9756-963A36368690}.DiagRel|Win32.ActiveCfg = DiagRel|Win32
		{420A32E0-AD72-42F7-9756-963A36368690}.DiagRel|Win32.Build.0 = DiagRel|Win32
		{420A32E0-AD72-42F7-9756-963A36368690}.Release|Win32.ActiveCfg = Release|Win32
		{420A32E0-AD72-42F7-9756-963A36368690}.Release|Win32.Build.0 = Release|Win32
		{9A463030-6456-4434-9AF0-4EF8DBE6711E}.Debug|Win32.ActiveCfg = Debug|Win32
		{9A463030-6456-4434-9AF0-4EF8DBE6711E}.Debug|Win32.Build.0 = Debug|Win32
		{9A463030-6456-4434-9AF0-4EF8DBE6711E}.DiagRel|Win32.ActiveCfg = DiagRel|Win32
		{9A463030-6456-4434-9AF0-4EF8DBE6711E}.DiagRel|Win32.Build.0 = DiagRel|Win32
		{9A463030-6456-4434-9AF0-4EF8DBE6711E}.Release|Win32.ActiveCfg = Release|Win32
		{9A463030-6456-4434-9AF0-4EF8DBE6711E}.Release|Win32.Build.0 = Release|Win32
		{0D4A0C68-7F4A-4966-A75B-E4D789A471B4}.Debug|Win32.ActiveCfg = Debug|Win32
		{0D4A0C68-7F4A-4966-A75B-E4D789A471B4}.Debug|Win32.Build.0 = Debug|Win32
		{0D4A0C68-7F4A-4966-A75B-E4D789A471B4}.DiagRel|Win32.ActiveCfg = DiagRel|Win32
		{0D4A0C68-7F4A-4966-A75B-E4D789A471B4}.DiagRel|Win32.Build.0 = DiagRel|Win32
		{0D4A0C68-7F4A-4966-A75B-E4D789A471B4}.Release|Win32.ActiveCfg = Release|Win32
		{0D4A0C68-7F4A-4966-A75B-E4D789A471B4}.Release|Win32.Build.0 = Release|Win32
		{5F893FDE-BF32-4F60-A8AD-77828EABC3A2}.Debug|Win32.ActiveCfg = Debug|Win32
		{5F893FDE-BF32-4F60-A8AD-77828EABC3A2}.Debug|Win32.Build.0 = Debug|Win32
		{5F893FDE-BF32-4F60-A8AD-77828EABC3A2}.DiagRel|Win32.ActiveCfg = DiagRel|Win32
		{5F893FDE-BF32-4F60-A8AD-77828EABC3A2}.DiagRel|Win32.Build.0 = DiagRel|Win32
		{5F893FDE-BF32-4F60-A8AD-77828EABC3A2}.Release|Win32.ActiveCfg = Release|Win32
		{5F893FDE-BF32-4F60-A8AD-77828EABC3A2}.Release|Win32.Build.0 = Release|Win32
		{D0C5C2AE-AC18-40AF-BCFD-A68177D2297A}.Debug|Win32.ActiveCfg = Debug|Win32
		{D0C5C2AE-AC18-40AF-BCFD-A68177D2297A}.Debug|Win32.Build.0 = Debug|Win32
		{D0C5C2AE-AC18-40AF-BCFD-A68177D2297A}.DiagRel|Win32.ActiveCfg = DiagRel|Win32
		{D0C5C2AE-AC18-40AF-BCFD-A68177D2297A}.DiagRel|Win32.Build.0 = DiagRel|Win32
		{D0C5C2AE-AC18-40AF-BCFD-A68177D2297A}.Release|Win32.ActiveCfg = Release|Win32
		{D0C5C2AE-AC18-40AF-BCFD-A68177D2297A}.Release|Win32.Build.0 = Release|Win32
		{81DE0AFF-40F9-42C3-8CB5-90AE52307C0C}.Debug|Win32.ActiveCfg = Debug|Win32
		{81DE0AFF-40F9-42C3-8CB5-90AE52307C0C}.Debug|Win32.Build.0 = Debug|Win32
		{81DE0AFF-40F9-42C3-8CB5-90AE52307C0C}.DiagRel|Win32.ActiveCfg = DiagRel|Win32
		{81DE0AFF-40F9-42C3-8CB5-90AE52307C0C}.DiagRel|Win32.Build.0 = DiagRel|Win32
		{81DE0AFF-40F9-42C3-8CB5-90AE52307C0C}.Release|Win32.ActiveCfg = Release|Win32
		{81DE0AFF-40F9-42C3-8CB5-90AE52307C0C}.Release|Win32.Build.0 = Release|Win32
		{20CE8715-3365-499E-841E-1BF18EE1C091}.Debug|Win32.ActiveCfg = Debug|Win32
		{20CE8715-3365-499E-841E-1BF18EE1C091}.Debug|Win32.Build.0 = Debug|Win32
		{20CE8715-3365-499E-841E-1BF18EE1C091}.DiagRel|Win32.ActiveCfg = DiagRel|Win32
		{20CE8715-3365-499E-841E-1BF18EE1C091}.DiagRel|Win32.Build.0 = DiagRel|Win32
		{20CE8715-3365-499E-841E-1BF18EE1C091}.Release|Win32.ActiveCfg = Release|Win32
		{20CE8715-3365-499E-841E-1BF18EE1C091}.Release|Win32.Build.0 = Release|Win32
		{1726F6A6-A15C-4696-B5CF-7C3E8F1DE14C}.Debug|Win32.ActiveCfg = Debug|Win32
		{1726F6A6-A15C-4696-B5CF-7C3E8F1DE14C}.Debug|Win32.Build.0 = Debug|Win32
		{1726F6A6-A15C-4696-B5CF-7C3E8F1DE14C}.DiagRel|Win32.ActiveCfg = DiagRel|Win32
		{1726F6A6-A15C-4696-B5CF-7C3E8F1DE14C}.DiagRel|Win32.Build.0 = DiagRel|Win32
		{1726F6A6-A15C-4696-B5CF-7C3E8F1DE14C}.Release|Win32.ActiveCfg = Release|Win32
		{1726F6A6-A15C-4696-B5CF-7C3E8F1DE14C}.Release|Win32.Build.0 = Release|Win32
		{81C7CFD8-DE35-4BCF-A575-145902ECF3EE}.Debug|Win32.ActiveCfg = Debug|Win32
		{81C7CFD8-DE35-4BCF-A575-145902ECF3EE}.Debug|Win32.Build.0 = Debug|Win32
		{81C7CFD8-DE35-4BCF-A575-145902ECF3EE}.DiagRel|Win32.ActiveCfg = DiagRel|Win32
		{81C7CFD8-DE35-4BCF-A575-145902ECF3EE}.DiagRel|Win32.Build.0 = DiagRel|Win32
		{81C7CFD8-DE35-4BCF-A575-145902ECF3EE}.Release|Win32.ActiveCfg = Release|Win32
		{81C7CFD8-DE35-4BCF-A575-145902ECF3EE}.Release|Win32.Build.0 = Release|Win32
	EndGlobalSection
	GlobalSection(SolutionProperties) = preSolution
		HideSolutionNode = FALSE
	EndGlobalSection
EndGlobal
